
Microsoft Visual Studio Solution File, Format Version 12.00
# Visual Studio Version 17
VisualStudioVersion = 17.1.32228.430
MinimumVisualStudioVersion = 10.0.40219.1
Project("{9A19103F-16F7-4668-BE54-9A1E7A4F7556}") = "NAuth.Domain", "NAuth.Domain\NAuth.Domain.csproj", "{A1075D98-F8C9-4101-A9BD-D86B2AECA385}"
EndProject
Project("{9A19103F-16F7-4668-BE54-9A1E7A4F7556}") = "NAuth.Infra", "NAuth.Infra\NAuth.Infra.csproj", "{84C58D7E-C390-4AAF-98B3-F5CBB09C91BC}"
EndProject
Project("{2150E333-8FDC-42A3-9474-1A3956D46DE8}") = "1 - Docker", "1 - Docker", "{4CA0FD41-3A9C-40D1-99D3-240B1C82D7D9}"
	ProjectSection(SolutionItems) = preProject
		.env = .env
		.env.example = .env.example
		docker-compose.yml = docker-compose.yml
		Dockerfile = Dockerfile
		postgres.Dockerfile = postgres.Dockerfile
	EndProjectSection
EndProject
Project("{9A19103F-16F7-4668-BE54-9A1E7A4F7556}") = "NAuth.API", "NAuth.API\NAuth.API.csproj", "{3B88C798-479A-4EB0-8F68-23B3EF1AFAE8}"
EndProject
Project("{9A19103F-16F7-4668-BE54-9A1E7A4F7556}") = "NAuth.Application", "NAuth.Application\NAuth.Application.csproj", "{5DE107B9-14A2-4A93-ACF8-E6F6BE632AC6}"
EndProject
Project("{FAE04EC0-301F-11D3-BF4B-00C04F79EFBC}") = "NAuth.Test", "NAuth.Test\NAuth.Test.csproj", "{74E59D4A-EEE8-41F9-813D-E9E8FC7E9D0C}"
EndProject
Project("{2150E333-8FDC-42A3-9474-1A3956D46DE8}") = "2 - Backend", "2 - Backend", "{02EA681E-C7D8-13C7-8484-4AC65E1B71E8}"
EndProject
Project("{2150E333-8FDC-42A3-9474-1A3956D46DE8}") = "3 - Tests", "3 - Tests", "{798E7B4D-A8A7-4138-89D2-050AF56A21D9}"
EndProject
Project("{2150E333-8FDC-42A3-9474-1A3956D46DE8}") = "4 - Extra", "4 - Extra", "{4641BD00-8DEE-40F0-9872-3D2CEEE1E94B}"
	ProjectSection(SolutionItems) = preProject
		createContext.ps1 = createContext.ps1
		GitVersion.yml = GitVersion.yml
		nauth.sql = nauth.sql
		README.md = README.md
	EndProjectSection
EndProject
Project("{FAE04EC0-301F-11D3-BF4B-00C04F79EFBC}") = "NAuth.Infra.Interfaces", "NAuth.Infra.Interfaces\NAuth.Infra.Interfaces.csproj", "{2E1E6915-FBE3-4940-B275-C31B70BAD446}"
EndProject
Project("{FAE04EC0-301F-11D3-BF4B-00C04F79EFBC}") = "NAuth", "NAuth\NAuth.csproj", "{3DF0672F-A6F9-4A08-BA3E-318FF471F7A9}"
EndProject
Global
	GlobalSection(SolutionConfigurationPlatforms) = preSolution
		Debug|Any CPU = Debug|Any CPU
		Debug|x64 = Debug|x64
		Debug|x86 = Debug|x86
		Release|Any CPU = Release|Any CPU
		Release|x64 = Release|x64
		Release|x86 = Release|x86
	EndGlobalSection
	GlobalSection(ProjectConfigurationPlatforms) = postSolution
		{A1075D98-F8C9-4101-A9BD-D86B2AECA385}.Debug|Any CPU.ActiveCfg = Debug|Any CPU
		{A1075D98-F8C9-4101-A9BD-D86B2AECA385}.Debug|Any CPU.Build.0 = Debug|Any CPU
		{A1075D98-F8C9-4101-A9BD-D86B2AECA385}.Debug|x64.ActiveCfg = Debug|Any CPU
		{A1075D98-F8C9-4101-A9BD-D86B2AECA385}.Debug|x64.Build.0 = Debug|Any CPU
		{A1075D98-F8C9-4101-A9BD-D86B2AECA385}.Debug|x86.ActiveCfg = Debug|Any CPU
		{A1075D98-F8C9-4101-A9BD-D86B2AECA385}.Debug|x86.Build.0 = Debug|Any CPU
		{A1075D98-F8C9-4101-A9BD-D86B2AECA385}.Release|Any CPU.ActiveCfg = Release|Any CPU
		{A1075D98-F8C9-4101-A9BD-D86B2AECA385}.Release|Any CPU.Build.0 = Release|Any CPU
		{A1075D98-F8C9-4101-A9BD-D86B2AECA385}.Release|x64.ActiveCfg = Release|Any CPU
		{A1075D98-F8C9-4101-A9BD-D86B2AECA385}.Release|x64.Build.0 = Release|Any CPU
		{A1075D98-F8C9-4101-A9BD-D86B2AECA385}.Release|x86.ActiveCfg = Release|Any CPU
		{A1075D98-F8C9-4101-A9BD-D86B2AECA385}.Release|x86.Build.0 = Release|Any CPU
		{84C58D7E-C390-4AAF-98B3-F5CBB09C91BC}.Debug|Any CPU.ActiveCfg = Debug|Any CPU
		{84C58D7E-C390-4AAF-98B3-F5CBB09C91BC}.Debug|Any CPU.Build.0 = Debug|Any CPU
		{84C58D7E-C390-4AAF-98B3-F5CBB09C91BC}.Debug|x64.ActiveCfg = Debug|Any CPU
		{84C58D7E-C390-4AAF-98B3-F5CBB09C91BC}.Debug|x64.Build.0 = Debug|Any CPU
		{84C58D7E-C390-4AAF-98B3-F5CBB09C91BC}.Debug|x86.ActiveCfg = Debug|Any CPU
		{84C58D7E-C390-4AAF-98B3-F5CBB09C91BC}.Debug|x86.Build.0 = Debug|Any CPU
		{84C58D7E-C390-4AAF-98B3-F5CBB09C91BC}.Release|Any CPU.ActiveCfg = Release|Any CPU
		{84C58D7E-C390-4AAF-98B3-F5CBB09C91BC}.Release|Any CPU.Build.0 = Release|Any CPU
		{84C58D7E-C390-4AAF-98B3-F5CBB09C91BC}.Release|x64.ActiveCfg = Release|Any CPU
		{84C58D7E-C390-4AAF-98B3-F5CBB09C91BC}.Release|x64.Build.0 = Release|Any CPU
		{84C58D7E-C390-4AAF-98B3-F5CBB09C91BC}.Release|x86.ActiveCfg = Release|Any CPU
		{84C58D7E-C390-4AAF-98B3-F5CBB09C91BC}.Release|x86.Build.0 = Release|Any CPU
		{3B88C798-479A-4EB0-8F68-23B3EF1AFAE8}.Debug|Any CPU.ActiveCfg = Debug|Any CPU
		{3B88C798-479A-4EB0-8F68-23B3EF1AFAE8}.Debug|Any CPU.Build.0 = Debug|Any CPU
		{3B88C798-479A-4EB0-8F68-23B3EF1AFAE8}.Debug|x64.ActiveCfg = Debug|Any CPU
		{3B88C798-479A-4EB0-8F68-23B3EF1AFAE8}.Debug|x64.Build.0 = Debug|Any CPU
		{3B88C798-479A-4EB0-8F68-23B3EF1AFAE8}.Debug|x86.ActiveCfg = Debug|Any CPU
		{3B88C798-479A-4EB0-8F68-23B3EF1AFAE8}.Debug|x86.Build.0 = Debug|Any CPU
		{3B88C798-479A-4EB0-8F68-23B3EF1AFAE8}.Release|Any CPU.ActiveCfg = Release|Any CPU
		{3B88C798-479A-4EB0-8F68-23B3EF1AFAE8}.Release|Any CPU.Build.0 = Release|Any CPU
		{3B88C798-479A-4EB0-8F68-23B3EF1AFAE8}.Release|x64.ActiveCfg = Release|Any CPU
		{3B88C798-479A-4EB0-8F68-23B3EF1AFAE8}.Release|x64.Build.0 = Release|Any CPU
		{3B88C798-479A-4EB0-8F68-23B3EF1AFAE8}.Release|x86.ActiveCfg = Release|Any CPU
		{3B88C798-479A-4EB0-8F68-23B3EF1AFAE8}.Release|x86.Build.0 = Release|Any CPU
		{5DE107B9-14A2-4A93-ACF8-E6F6BE632AC6}.Debug|Any CPU.ActiveCfg = Debug|Any CPU
		{5DE107B9-14A2-4A93-ACF8-E6F6BE632AC6}.Debug|Any CPU.Build.0 = Debug|Any CPU
		{5DE107B9-14A2-4A93-ACF8-E6F6BE632AC6}.Debug|x64.ActiveCfg = Debug|Any CPU
		{5DE107B9-14A2-4A93-ACF8-E6F6BE632AC6}.Debug|x64.Build.0 = Debug|Any CPU
		{5DE107B9-14A2-4A93-ACF8-E6F6BE632AC6}.Debug|x86.ActiveCfg = Debug|Any CPU
		{5DE107B9-14A2-4A93-ACF8-E6F6BE632AC6}.Debug|x86.Build.0 = Debug|Any CPU
		{5DE107B9-14A2-4A93-ACF8-E6F6BE632AC6}.Release|Any CPU.ActiveCfg = Release|Any CPU
		{5DE107B9-14A2-4A93-ACF8-E6F6BE632AC6}.Release|Any CPU.Build.0 = Release|Any CPU
		{5DE107B9-14A2-4A93-ACF8-E6F6BE632AC6}.Release|x64.ActiveCfg = Release|Any CPU
		{5DE107B9-14A2-4A93-ACF8-E6F6BE632AC6}.Release|x64.Build.0 = Release|Any CPU
		{5DE107B9-14A2-4A93-ACF8-E6F6BE632AC6}.Release|x86.ActiveCfg = Release|Any CPU
		{5DE107B9-14A2-4A93-ACF8-E6F6BE632AC6}.Release|x86.Build.0 = Release|Any CPU
		{74E59D4A-EEE8-41F9-813D-E9E8FC7E9D0C}.Debug|Any CPU.ActiveCfg = Debug|Any CPU
		{74E59D4A-EEE8-41F9-813D-E9E8FC7E9D0C}.Debug|Any CPU.Build.0 = Debug|Any CPU
		{74E59D4A-EEE8-41F9-813D-E9E8FC7E9D0C}.Debug|x64.ActiveCfg = Debug|Any CPU
		{74E59D4A-EEE8-41F9-813D-E9E8FC7E9D0C}.Debug|x64.Build.0 = Debug|Any CPU
		{74E59D4A-EEE8-41F9-813D-E9E8FC7E9D0C}.Debug|x86.ActiveCfg = Debug|Any CPU
		{74E59D4A-EEE8-41F9-813D-E9E8FC7E9D0C}.Debug|x86.Build.0 = Debug|Any CPU
		{74E59D4A-EEE8-41F9-813D-E9E8FC7E9D0C}.Release|Any CPU.ActiveCfg = Release|Any CPU
		{74E59D4A-EEE8-41F9-813D-E9E8FC7E9D0C}.Release|Any CPU.Build.0 = Release|Any CPU
		{74E59D4A-EEE8-41F9-813D-E9E8FC7E9D0C}.Release|x64.ActiveCfg = Release|Any CPU
		{74E59D4A-EEE8-41F9-813D-E9E8FC7E9D0C}.Release|x64.Build.0 = Release|Any CPU
		{74E59D4A-EEE8-41F9-813D-E9E8FC7E9D0C}.Release|x86.ActiveCfg = Release|Any CPU
		{74E59D4A-EEE8-41F9-813D-E9E8FC7E9D0C}.Release|x86.Build.0 = Release|Any CPU
		{2E1E6915-FBE3-4940-B275-C31B70BAD446}.Debug|Any CPU.ActiveCfg = Debug|Any CPU
		{2E1E6915-FBE3-4940-B275-C31B70BAD446}.Debug|Any CPU.Build.0 = Debug|Any CPU
		{2E1E6915-FBE3-4940-B275-C31B70BAD446}.Debug|x64.ActiveCfg = Debug|Any CPU
		{2E1E6915-FBE3-4940-B275-C31B70BAD446}.Debug|x64.Build.0 = Debug|Any CPU
		{2E1E6915-FBE3-4940-B275-C31B70BAD446}.Debug|x86.ActiveCfg = Debug|Any CPU
		{2E1E6915-FBE3-4940-B275-C31B70BAD446}.Debug|x86.Build.0 = Debug|Any CPU
		{2E1E6915-FBE3-4940-B275-C31B70BAD446}.Release|Any CPU.ActiveCfg = Release|Any CPU
		{2E1E6915-FBE3-4940-B275-C31B70BAD446}.Release|Any CPU.Build.0 = Release|Any CPU
		{2E1E6915-FBE3-4940-B275-C31B70BAD446}.Release|x64.ActiveCfg = Release|Any CPU
		{2E1E6915-FBE3-4940-B275-C31B70BAD446}.Release|x64.Build.0 = Release|Any CPU
		{2E1E6915-FBE3-4940-B275-C31B70BAD446}.Release|x86.ActiveCfg = Release|Any CPU
		{2E1E6915-FBE3-4940-B275-C31B70BAD446}.Release|x86.Build.0 = Release|Any CPU
		{3DF0672F-A6F9-4A08-BA3E-318FF471F7A9}.Debug|Any CPU.ActiveCfg = Debug|Any CPU
		{3DF0672F-A6F9-4A08-BA3E-318FF471F7A9}.Debug|Any CPU.Build.0 = Debug|Any CPU
		{3DF0672F-A6F9-4A08-BA3E-318FF471F7A9}.Debug|x64.ActiveCfg = Debug|Any CPU
		{3DF0672F-A6F9-4A08-BA3E-318FF471F7A9}.Debug|x64.Build.0 = Debug|Any CPU
		{3DF0672F-A6F9-4A08-BA3E-318FF471F7A9}.Debug|x86.ActiveCfg = Debug|Any CPU
		{3DF0672F-A6F9-4A08-BA3E-318FF471F7A9}.Debug|x86.Build.0 = Debug|Any CPU
		{3DF0672F-A6F9-4A08-BA3E-318FF471F7A9}.Release|Any CPU.ActiveCfg = Release|Any CPU
		{3DF0672F-A6F9-4A08-BA3E-318FF471F7A9}.Release|Any CPU.Build.0 = Release|Any CPU
		{3DF0672F-A6F9-4A08-BA3E-318FF471F7A9}.Release|x64.ActiveCfg = Release|Any CPU
		{3DF0672F-A6F9-4A08-BA3E-318FF471F7A9}.Release|x64.Build.0 = Release|Any CPU
		{3DF0672F-A6F9-4A08-BA3E-318FF471F7A9}.Release|x86.ActiveCfg = Release|Any CPU
		{3DF0672F-A6F9-4A08-BA3E-318FF471F7A9}.Release|x86.Build.0 = Release|Any CPU
	EndGlobalSection
	GlobalSection(SolutionProperties) = preSolution
		HideSolutionNode = FALSE
	EndGlobalSection
	GlobalSection(NestedProjects) = preSolution
		{A1075D98-F8C9-4101-A9BD-D86B2AECA385} = {02EA681E-C7D8-13C7-8484-4AC65E1B71E8}
		{84C58D7E-C390-4AAF-98B3-F5CBB09C91BC} = {02EA681E-C7D8-13C7-8484-4AC65E1B71E8}
		{3B88C798-479A-4EB0-8F68-23B3EF1AFAE8} = {02EA681E-C7D8-13C7-8484-4AC65E1B71E8}
		{5DE107B9-14A2-4A93-ACF8-E6F6BE632AC6} = {02EA681E-C7D8-13C7-8484-4AC65E1B71E8}
		{74E59D4A-EEE8-41F9-813D-E9E8FC7E9D0C} = {798E7B4D-A8A7-4138-89D2-050AF56A21D9}
		{2E1E6915-FBE3-4940-B275-C31B70BAD446} = {02EA681E-C7D8-13C7-8484-4AC65E1B71E8}
		{3DF0672F-A6F9-4A08-BA3E-318FF471F7A9} = {02EA681E-C7D8-13C7-8484-4AC65E1B71E8}
	EndGlobalSection
	GlobalSection(ExtensibilityGlobals) = postSolution
		SolutionGuid = {09F0A422-0692-4032-9924-7DF1D27AEF60}
	EndGlobalSection
EndGlobal
